
Microsoft Visual Studio Solution File, Format Version 12.00
# Visual Studio Version 16
VisualStudioVersion = 16.0.30406.217
MinimumVisualStudioVersion = 10.0.40219.1
Project("{9A19103F-16F7-4668-BE54-9A1E7A4F7556}") = "SalesWebMvc", "SalesWebMvc\SalesWebMvc.csproj", "{84A03858-3AD7-4206-817C-59DCD776C16E}"
EndProject
Global
	GlobalSection(SolutionConfigurationPlatforms) = preSolution
		Debug|Any CPU = Debug|Any CPU
		Release|Any CPU = Release|Any CPU
	EndGlobalSection
	GlobalSection(ProjectConfigurationPlatforms) = postSolution
		{84A03858-3AD7-4206-817C-59DCD776C16E}.Debug|Any CPU.ActiveCfg = Debug|Any CPU
		{84A03858-3AD7-4206-817C-59DCD776C16E}.Debug|Any CPU.Build.0 = Debug|Any CPU
		{84A03858-3AD7-4206-817C-59DCD776C16E}.Release|Any CPU.ActiveCfg = Release|Any CPU
		{84A03858-3AD7-4206-817C-59DCD776C16E}.Release|Any CPU.Build.0 = Release|Any CPU
	EndGlobalSection
	GlobalSection(SolutionProperties) = preSolution
		HideSolutionNode = FALSE
	EndGlobalSection
	GlobalSection(ExtensibilityGlobals) = postSolution
		SolutionGuid = {C3D26B29-941B-44BF-8EE1-61670C3E6DF1}
	EndGlobalSection
EndGlobal
